Microsoft Visual Studio Solution File, Format Version 11.00
# Visual Studio 2008

Project("{C29C2A10-05B7-3E10-BD9C-FC971E55229D}") = "sbgProject", "Assembly-CSharp-firstpass-vs.csproj", "{0F4EF605-098C-C867-3506-D24161AB9BEC}"
EndProject
Project("{C29C2A10-05B7-3E10-BD9C-FC971E55229D}") = "sbgProject", "Assembly-CSharp-vs.csproj", "{6CB775C1-8D6D-93E1-7E73-E95835F8017A}"
EndProject
Global
	GlobalSection(SolutionConfigurationPlatforms) = preSolution
		Debug|Any CPU = Debug|Any CPU
		Release|Any CPU = Release|Any CPU
	EndGlobalSection
	GlobalSection(ProjectConfigurationPlatforms) = postSolution
		{0F4EF605-098C-C867-3506-D24161AB9BEC}.Debug|Any CPU.ActiveCfg = Debug|Any CPU
		{0F4EF605-098C-C867-3506-D24161AB9BEC}.Debug|Any CPU.Build.0 = Debug|Any CPU
		{0F4EF605-098C-C867-3506-D24161AB9BEC}.Release|Any CPU.ActiveCfg = Release|Any CPU
		{0F4EF605-098C-C867-3506-D24161AB9BEC}.Release|Any CPU.Build.0 = Release|Any CPU
		{6CB775C1-8D6D-93E1-7E73-E95835F8017A}.Debug|Any CPU.ActiveCfg = Debug|Any CPU
		{6CB775C1-8D6D-93E1-7E73-E95835F8017A}.Debug|Any CPU.Build.0 = Debug|Any CPU
		{6CB775C1-8D6D-93E1-7E73-E95835F8017A}.Release|Any CPU.ActiveCfg = Release|Any CPU
		{6CB775C1-8D6D-93E1-7E73-E95835F8017A}.Release|Any CPU.Build.0 = Release|Any CPU
	EndGlobalSection
	GlobalSection(SolutionProperties) = preSolution
		HideSolutionNode = FALSE
	EndGlobalSection
																								GlobalSection(MonoDevelopProperties) = preSolution
		StartupItem = Assembly-CSharp.csproj
		Policies = $0
		$0.TextStylePolicy = $1
		$1.inheritsSet = null
		$1.scope = text/x-csharp
		$0.CSharpFormattingPolicy = $2
		$2.inheritsSet = Mono
		$2.inheritsScope = text/x-csharp
		$2.scope = text/x-csharp
		$0.TextStylePolicy = $3
		$3.FileWidth = 120
		$3.TabWidth = 4
		$3.EolMarker = Unix
		$3.inheritsSet = Mono
		$3.inheritsScope = text/plain
		$3.scope = text/plain
	EndGlobalSection

EndGlobal
